{
  "name": "ngx-treantjs",
  "version": "1.0.0",
  "lockfileVersion": 1,
  "requires": true,
  "dependencies": {
    "eve-raphael": {
      "version": "0.5.0",
      "resolved": "https://registry.npmjs.org/eve-raphael/-/eve-raphael-0.5.0.tgz",
      "integrity": "sha1-F8dUt5K+7z+maE15z1pHxjxM2jA="
    },
    "raphael": {
      "version": "2.2.8",
      "resolved": "https://registry.npmjs.org/raphael/-/raphael-2.2.8.tgz",
      "integrity": "sha512-0kWKcGn4lXTw4eUiOhjspYiG+v0m6zSmTmlO62E0hl2CYKUvCuHER9YKqXYvOn2nj24mYp8jzHOLeBuj/Gn28Q==",
      "requires": {
        "eve-raphael": "0.5.0"
      }
    }
  }
}
